
Microsoft Visual Studio Solution File, Format Version 12.00
# Visual Studio Version 17
VisualStudioVersion = 17.10.35027.167
MinimumVisualStudioVersion = 10.0.40219.1
Project("{9A19103F-16F7-4668-BE54-9A1E7A4F7556}") = "TestBlazor.Module", "TestBlazor.Module\TestBlazor.Module.csproj", "{C6A20BC3-A9B7-4BF8-BF5F-896A0AC802E9}"
EndProject
Project("{9A19103F-16F7-4668-BE54-9A1E7A4F7556}") = "TestBlazor.Win", "TestBlazor.Win\TestBlazor.Win.csproj", "{8DB1E342-5285-4F94-B009-45FB5C0D392A}"
EndProject
Project("{9A19103F-16F7-4668-BE54-9A1E7A4F7556}") = "TestBlazor.Blazor.Server", "TestBlazor.Blazor.Server\TestBlazor.Blazor.Server.csproj", "{B7ECB7E4-4B7D-4521-9159-858765EAE1D4}"
EndProject
Global
	GlobalSection(SolutionConfigurationPlatforms) = preSolution
		Debug|Any CPU = Debug|Any CPU
		EasyTest|Any CPU = EasyTest|Any CPU
		Release|Any CPU = Release|Any CPU
	EndGlobalSection
	GlobalSection(ProjectConfigurationPlatforms) = postSolution
		{C6A20BC3-A9B7-4BF8-BF5F-896A0AC802E9}.Debug|Any CPU.ActiveCfg = Debug|Any CPU
		{C6A20BC3-A9B7-4BF8-BF5F-896A0AC802E9}.Debug|Any CPU.Build.0 = Debug|Any CPU
		{C6A20BC3-A9B7-4BF8-BF5F-896A0AC802E9}.EasyTest|Any CPU.ActiveCfg = EasyTest|Any CPU
		{C6A20BC3-A9B7-4BF8-BF5F-896A0AC802E9}.EasyTest|Any CPU.Build.0 = EasyTest|Any CPU
		{C6A20BC3-A9B7-4BF8-BF5F-896A0AC802E9}.Release|Any CPU.ActiveCfg = Release|Any CPU
		{C6A20BC3-A9B7-4BF8-BF5F-896A0AC802E9}.Release|Any CPU.Build.0 = Release|Any CPU
		{8DB1E342-5285-4F94-B009-45FB5C0D392A}.Debug|Any CPU.ActiveCfg = Debug|Any CPU
		{8DB1E342-5285-4F94-B009-45FB5C0D392A}.Debug|Any CPU.Build.0 = Debug|Any CPU
		{8DB1E342-5285-4F94-B009-45FB5C0D392A}.EasyTest|Any CPU.ActiveCfg = EasyTest|Any CPU
		{8DB1E342-5285-4F94-B009-45FB5C0D392A}.EasyTest|Any CPU.Build.0 = EasyTest|Any CPU
		{8DB1E342-5285-4F94-B009-45FB5C0D392A}.Release|Any CPU.ActiveCfg = Release|Any CPU
		{8DB1E342-5285-4F94-B009-45FB5C0D392A}.Release|Any CPU.Build.0 = Release|Any CPU
		{B7ECB7E4-4B7D-4521-9159-858765EAE1D4}.Debug|Any CPU.ActiveCfg = Debug|Any CPU
		{B7ECB7E4-4B7D-4521-9159-858765EAE1D4}.Debug|Any CPU.Build.0 = Debug|Any CPU
		{B7ECB7E4-4B7D-4521-9159-858765EAE1D4}.EasyTest|Any CPU.ActiveCfg = EasyTest|Any CPU
		{B7ECB7E4-4B7D-4521-9159-858765EAE1D4}.EasyTest|Any CPU.Build.0 = EasyTest|Any CPU
		{B7ECB7E4-4B7D-4521-9159-858765EAE1D4}.Release|Any CPU.ActiveCfg = Release|Any CPU
		{B7ECB7E4-4B7D-4521-9159-858765EAE1D4}.Release|Any CPU.Build.0 = Release|Any CPU
	EndGlobalSection
	GlobalSection(SolutionProperties) = preSolution
		HideSolutionNode = FALSE
	EndGlobalSection
	GlobalSection(ExtensibilityGlobals) = postSolution
		SolutionGuid = {F9B7C377-4B9D-46C5-9B08-D71FDDE923CB}
	EndGlobalSection
EndGlobal
